
Microsoft Visual Studio Solution File, Format Version 12.00
# Visual Studio 15
VisualStudioVersion = 15.0.26403.7
MinimumVisualStudioVersion = 10.0.40219.1
Project("{FAE04EC0-301F-11D3-BF4B-00C04F79EFBC}") = "Lsj.Util", "Lsj.Util\Lsj.Util.csproj", "{B0EBCB56-0AE1-4E59-B5E6-7CD17D4764C2}"
EndProject
Project("{FAE04EC0-301F-11D3-BF4B-00C04F79EFBC}") = "Lsj.Util.Net.Web", "Lsj.Util.Net.Web\Lsj.Util.Net.Web.csproj", "{35FA4756-1CFD-40F8-A324-D620AB422590}"
EndProject
Project("{FAE04EC0-301F-11D3-BF4B-00C04F79EFBC}") = "Lsj.Util.HtmlBuilder", "Lsj.Util.HtmlBuilder\Lsj.Util.HtmlBuilder.csproj", "{FF55DB4B-9A84-42FD-8DBF-B3FBC4AFF9FF}"
EndProject
Project("{FAE04EC0-301F-11D3-BF4B-00C04F79EFBC}") = "Lsj.Util.Debugger", "Lsj.Util.Debugger\Lsj.Util.Debugger.csproj", "{DF542C73-854E-4559-8AD6-8B0498AEC8E4}"
EndProject
Project("{FAE04EC0-301F-11D3-BF4B-00C04F79EFBC}") = "Lsj.Util.Net", "Lsj.Util.Net\Lsj.Util.Net.csproj", "{3089C6C9-7687-4CB1-B86E-5045CEEF17F9}"
EndProject
Project("{FAE04EC0-301F-11D3-BF4B-00C04F79EFBC}") = "Lsj.Util.Data", "Lsj.Util.Data\Lsj.Util.Data.csproj", "{D86D21F1-E187-4AE4-BB97-6CC2C00A7E01}"
EndProject
Project("{FAE04EC0-301F-11D3-BF4B-00C04F79EFBC}") = "Lsj.Util.Office", "Lsj.Util.Office\Lsj.Util.Office.csproj", "{66070437-A20C-4978-A802-213E55A63008}"
EndProject
Global
	GlobalSection(SolutionConfigurationPlatforms) = preSolution
		Debug|Any CPU = Debug|Any CPU
		Debug|x64 = Debug|x64
		Debug|x86 = Debug|x86
		Release|Any CPU = Release|Any CPU
		Release|x64 = Release|x64
		Release|x86 = Release|x86
	EndGlobalSection
	GlobalSection(ProjectConfigurationPlatforms) = postSolution
		{B0EBCB56-0AE1-4E59-B5E6-7CD17D4764C2}.Debug|Any CPU.ActiveCfg = Debug|Any CPU
		{B0EBCB56-0AE1-4E59-B5E6-7CD17D4764C2}.Debug|Any CPU.Build.0 = Debug|Any CPU
		{B0EBCB56-0AE1-4E59-B5E6-7CD17D4764C2}.Debug|x64.ActiveCfg = Debug|x64
		{B0EBCB56-0AE1-4E59-B5E6-7CD17D4764C2}.Debug|x64.Build.0 = Debug|x64
		{B0EBCB56-0AE1-4E59-B5E6-7CD17D4764C2}.Debug|x86.ActiveCfg = Debug|x86
		{B0EBCB56-0AE1-4E59-B5E6-7CD17D4764C2}.Debug|x86.Build.0 = Debug|x86
		{B0EBCB56-0AE1-4E59-B5E6-7CD17D4764C2}.Release|Any CPU.ActiveCfg = Release|Any CPU
		{B0EBCB56-0AE1-4E59-B5E6-7CD17D4764C2}.Release|Any CPU.Build.0 = Release|Any CPU
		{B0EBCB56-0AE1-4E59-B5E6-7CD17D4764C2}.Release|x64.ActiveCfg = Release|x64
		{B0EBCB56-0AE1-4E59-B5E6-7CD17D4764C2}.Release|x64.Build.0 = Release|x64
		{B0EBCB56-0AE1-4E59-B5E6-7CD17D4764C2}.Release|x86.ActiveCfg = Release|x86
		{B0EBCB56-0AE1-4E59-B5E6-7CD17D4764C2}.Release|x86.Build.0 = Release|x86
		{35FA4756-1CFD-40F8-A324-D620AB422590}.Debug|Any CPU.ActiveCfg = Debug|Any CPU
		{35FA4756-1CFD-40F8-A324-D620AB422590}.Debug|Any CPU.Build.0 = Debug|Any CPU
		{35FA4756-1CFD-40F8-A324-D620AB422590}.Debug|x64.ActiveCfg = Debug|x64
		{35FA4756-1CFD-40F8-A324-D620AB422590}.Debug|x64.Build.0 = Debug|x64
		{35FA4756-1CFD-40F8-A324-D620AB422590}.Debug|x86.ActiveCfg = Debug|x86
		{35FA4756-1CFD-40F8-A324-D620AB422590}.Debug|x86.Build.0 = Debug|x86
		{35FA4756-1CFD-40F8-A324-D620AB422590}.Release|Any CPU.ActiveCfg = Release|Any CPU
		{35FA4756-1CFD-40F8-A324-D620AB422590}.Release|Any CPU.Build.0 = Release|Any CPU
		{35FA4756-1CFD-40F8-A324-D620AB422590}.Release|x64.ActiveCfg = Release|x64
		{35FA4756-1CFD-40F8-A324-D620AB422590}.Release|x64.Build.0 = Release|x64
		{35FA4756-1CFD-40F8-A324-D620AB422590}.Release|x86.ActiveCfg = Release|x86
		{35FA4756-1CFD-40F8-A324-D620AB422590}.Release|x86.Build.0 = Release|x86
		{FF55DB4B-9A84-42FD-8DBF-B3FBC4AFF9FF}.Debug|Any CPU.ActiveCfg = Debug|Any CPU
		{FF55DB4B-9A84-42FD-8DBF-B3FBC4AFF9FF}.Debug|Any CPU.Build.0 = Debug|Any CPU
		{FF55DB4B-9A84-42FD-8DBF-B3FBC4AFF9FF}.Debug|x64.ActiveCfg = Debug|x64
		{FF55DB4B-9A84-42FD-8DBF-B3FBC4AFF9FF}.Debug|x64.Build.0 = Debug|x64
		{FF55DB4B-9A84-42FD-8DBF-B3FBC4AFF9FF}.Debug|x86.ActiveCfg = Debug|x86
		{FF55DB4B-9A84-42FD-8DBF-B3FBC4AFF9FF}.Debug|x86.Build.0 = Debug|x86
		{FF55DB4B-9A84-42FD-8DBF-B3FBC4AFF9FF}.Release|Any CPU.ActiveCfg = Release|Any CPU
		{FF55DB4B-9A84-42FD-8DBF-B3FBC4AFF9FF}.Release|Any CPU.Build.0 = Release|Any CPU
		{FF55DB4B-9A84-42FD-8DBF-B3FBC4AFF9FF}.Release|x64.ActiveCfg = Release|x64
		{FF55DB4B-9A84-42FD-8DBF-B3FBC4AFF9FF}.Release|x64.Build.0 = Release|x64
		{FF55DB4B-9A84-42FD-8DBF-B3FBC4AFF9FF}.Release|x86.ActiveCfg = Release|x86
		{FF55DB4B-9A84-42FD-8DBF-B3FBC4AFF9FF}.Release|x86.Build.0 = Release|x86
		{DF542C73-854E-4559-8AD6-8B0498AEC8E4}.Debug|Any CPU.ActiveCfg = Debug|Any CPU
		{DF542C73-854E-4559-8AD6-8B0498AEC8E4}.Debug|Any CPU.Build.0 = Debug|Any CPU
		{DF542C73-854E-4559-8AD6-8B0498AEC8E4}.Debug|x64.ActiveCfg = Debug|x64
		{DF542C73-854E-4559-8AD6-8B0498AEC8E4}.Debug|x64.Build.0 = Debug|x64
		{DF542C73-854E-4559-8AD6-8B0498AEC8E4}.Debug|x86.ActiveCfg = Debug|x86
		{DF542C73-854E-4559-8AD6-8B0498AEC8E4}.Debug|x86.Build.0 = Debug|x86
		{DF542C73-854E-4559-8AD6-8B0498AEC8E4}.Release|Any CPU.ActiveCfg = Release|Any CPU
		{DF542C73-854E-4559-8AD6-8B0498AEC8E4}.Release|Any CPU.Build.0 = Release|Any CPU
		{DF542C73-854E-4559-8AD6-8B0498AEC8E4}.Release|x64.ActiveCfg = Release|x64
		{DF542C73-854E-4559-8AD6-8B0498AEC8E4}.Release|x64.Build.0 = Release|x64
		{DF542C73-854E-4559-8AD6-8B0498AEC8E4}.Release|x86.ActiveCfg = Release|x86
		{DF542C73-854E-4559-8AD6-8B0498AEC8E4}.Release|x86.Build.0 = Release|x86
		{3089C6C9-7687-4CB1-B86E-5045CEEF17F9}.Debug|Any CPU.ActiveCfg = Debug|Any CPU
		{3089C6C9-7687-4CB1-B86E-5045CEEF17F9}.Debug|Any CPU.Build.0 = Debug|Any CPU
		{3089C6C9-7687-4CB1-B86E-5045CEEF17F9}.Debug|x64.ActiveCfg = Debug|x64
		{3089C6C9-7687-4CB1-B86E-5045CEEF17F9}.Debug|x64.Build.0 = Debug|x64
		{3089C6C9-7687-4CB1-B86E-5045CEEF17F9}.Debug|x86.ActiveCfg = Debug|x86
		{3089C6C9-7687-4CB1-B86E-5045CEEF17F9}.Debug|x86.Build.0 = Debug|x86
		{3089C6C9-7687-4CB1-B86E-5045CEEF17F9}.Release|Any CPU.ActiveCfg = Release|Any CPU
		{3089C6C9-7687-4CB1-B86E-5045CEEF17F9}.Release|Any CPU.Build.0 = Release|Any CPU
		{3089C6C9-7687-4CB1-B86E-5045CEEF17F9}.Release|x64.ActiveCfg = Release|x64
		{3089C6C9-7687-4CB1-B86E-5045CEEF17F9}.Release|x64.Build.0 = Release|x64
		{3089C6C9-7687-4CB1-B86E-5045CEEF17F9}.Release|x86.ActiveCfg = Release|x86
		{3089C6C9-7687-4CB1-B86E-5045CEEF17F9}.Release|x86.Build.0 = Release|x86
		{D86D21F1-E187-4AE4-BB97-6CC2C00A7E01}.Debug|Any CPU.ActiveCfg = Debug|Any CPU
		{D86D21F1-E187-4AE4-BB97-6CC2C00A7E01}.Debug|Any CPU.Build.0 = Debug|Any CPU
		{D86D21F1-E187-4AE4-BB97-6CC2C00A7E01}.Debug|x64.ActiveCfg = Debug|x64
		{D86D21F1-E187-4AE4-BB97-6CC2C00A7E01}.Debug|x64.Build.0 = Debug|x64
		{D86D21F1-E187-4AE4-BB97-6CC2C00A7E01}.Debug|x86.ActiveCfg = Debug|x86
		{D86D21F1-E187-4AE4-BB97-6CC2C00A7E01}.Debug|x86.Build.0 = Debug|x86
		{D86D21F1-E187-4AE4-BB97-6CC2C00A7E01}.Release|Any CPU.ActiveCfg = Release|Any CPU
		{D86D21F1-E187-4AE4-BB97-6CC2C00A7E01}.Release|Any CPU.Build.0 = Release|Any CPU
		{D86D21F1-E187-4AE4-BB97-6CC2C00A7E01}.Release|x64.ActiveCfg = Release|x64
		{D86D21F1-E187-4AE4-BB97-6CC2C00A7E01}.Release|x64.Build.0 = Release|x64
		{D86D21F1-E187-4AE4-BB97-6CC2C00A7E01}.Release|x86.ActiveCfg = Release|Any CPU
		{D86D21F1-E187-4AE4-BB97-6CC2C00A7E01}.Release|x86.Build.0 = Release|Any CPU
		{66070437-A20C-4978-A802-213E55A63008}.Debug|Any CPU.ActiveCfg = Debug|Any CPU
		{66070437-A20C-4978-A802-213E55A63008}.Debug|Any CPU.Build.0 = Debug|Any CPU
		{66070437-A20C-4978-A802-213E55A63008}.Debug|x64.ActiveCfg = Debug|Any CPU
		{66070437-A20C-4978-A802-213E55A63008}.Debug|x64.Build.0 = Debug|Any CPU
		{66070437-A20C-4978-A802-213E55A63008}.Debug|x86.ActiveCfg = Debug|x86
		{66070437-A20C-4978-A802-213E55A63008}.Debug|x86.Build.0 = Debug|x86
		{66070437-A20C-4978-A802-213E55A63008}.Release|Any CPU.ActiveCfg = Release|Any CPU
		{66070437-A20C-4978-A802-213E55A63008}.Release|Any CPU.Build.0 = Release|Any CPU
		{66070437-A20C-4978-A802-213E55A63008}.Release|x64.ActiveCfg = Release|Any CPU
		{66070437-A20C-4978-A802-213E55A63008}.Release|x64.Build.0 = Release|Any CPU
		{66070437-A20C-4978-A802-213E55A63008}.Release|x86.ActiveCfg = Release|Any CPU
		{66070437-A20C-4978-A802-213E55A63008}.Release|x86.Build.0 = Release|Any CPU
	EndGlobalSection
	GlobalSection(SolutionProperties) = preSolution
		HideSolutionNode = FALSE
	EndGlobalSection
	GlobalSection(MonoDevelopProperties) = preSolution
		Policies = $0
		$0.DotNetNamingPolicy = $1
		$0.TextStylePolicy = $4
	EndGlobalSection
EndGlobal
