Microsoft Visual Studio Solution File, Format Version 12.00
# Visual Studio 15
VisualStudioVersion = 15.0.27130.2026
MinimumVisualStudioVersion = 10.0.40219.1
Project("{FAE04EC0-301F-11D3-BF4B-00C04F79EFBC}") = "Lsj.Util.Net.Web", "Lsj.Util.Net.Web\Lsj.Util.Net.Web.csproj", "{35FA4756-1CFD-40F8-A324-D620AB422590}"
EndProject
Project("{FAE04EC0-301F-11D3-BF4B-00C04F79EFBC}") = "Lsj.Util.HtmlBuilder", "Lsj.Util.HtmlBuilder\Lsj.Util.HtmlBuilder.csproj", "{FF55DB4B-9A84-42FD-8DBF-B3FBC4AFF9FF}"
EndProject
Project("{FAE04EC0-301F-11D3-BF4B-00C04F79EFBC}") = "Lsj.Util.Debugger", "Lsj.Util.Debugger\Lsj.Util.Debugger.csproj", "{DF542C73-854E-4559-8AD6-8B0498AEC8E4}"
EndProject
Project("{FAE04EC0-301F-11D3-BF4B-00C04F79EFBC}") = "Lsj.Util.Net", "Lsj.Util.Net\Lsj.Util.Net.csproj", "{3089C6C9-7687-4CB1-B86E-5045CEEF17F9}"
EndProject
Project("{FAE04EC0-301F-11D3-BF4B-00C04F79EFBC}") = "Lsj.Util.Data", "Lsj.Util.Data\Lsj.Util.Data.csproj", "{D86D21F1-E187-4AE4-BB97-6CC2C00A7E01}"
EndProject
Project("{FAE04EC0-301F-11D3-BF4B-00C04F79EFBC}") = "Lsj.Util.SQLBuilder", "Lsj.Util.SQLBuilder\Lsj.Util.SQLBuilder.csproj", "{89A0125E-DD26-476A-84F7-194C5E358D12}"
EndProject
Project("{FAE04EC0-301F-11D3-BF4B-00C04F79EFBC}") = "Lsj.Util.CsBuilder", "Lsj.Util.CsBuilder\Lsj.Util.CsBuilder.csproj", "{D3A62A78-3161-4080-987C-79BB09303109}"
EndProject
Project("{FAE04EC0-301F-11D3-BF4B-00C04F79EFBC}") = "Lsj.Util.Protobuf", "Lsj.Util.Protobuf\Lsj.Util.Protobuf.csproj", "{7AFB2C14-B12D-4919-B54A-C701D80D251E}"
EndProject
Project("{FAE04EC0-301F-11D3-BF4B-00C04F79EFBC}") = "Lsj.Util", "Lsj.Util\Lsj.Util.csproj", "{D829FC34-5BFA-4AB1-8804-F35918F72EA8}"
EndProject
Project("{FAE04EC0-301F-11D3-BF4B-00C04F79EFBC}") = "Lsj.Util.Office", "Lsj.Util.Office\Lsj.Util.Office.csproj", "{66070437-A20C-4978-A802-213E55A63008}"
EndProject
Project("{FAE04EC0-301F-11D3-BF4B-00C04F79EFBC}") = "Lsj.Util.JSON", "Lsj.Util.JSON\Lsj.Util.JSON.csproj", "{3D117515-0AD4-40BB-BE3E-C974160D17FA}"
EndProject
Project("{FAE04EC0-301F-11D3-BF4B-00C04F79EFBC}") = "Lsj.Util.Tests", "Lsj.Util.Tests\Lsj.Util.Tests.csproj", "{F6EE81B5-FDE5-4DCD-8E97-C10A6B7BA505}"
EndProject
Global
	GlobalSection(SolutionConfigurationPlatforms) = preSolution
		Debug|Any CPU = Debug|Any CPU
		Debug|x64 = Debug|x64
		Debug|x86 = Debug|x86
		Release|Any CPU = Release|Any CPU
		Release|x64 = Release|x64
		Release|x86 = Release|x86
	EndGlobalSection
	GlobalSection(ProjectConfigurationPlatforms) = postSolution
		{35FA4756-1CFD-40F8-A324-D620AB422590}.Debug|Any CPU.ActiveCfg = Debug|Any CPU
		{35FA4756-1CFD-40F8-A324-D620AB422590}.Debug|Any CPU.Build.0 = Debug|Any CPU
		{35FA4756-1CFD-40F8-A324-D620AB422590}.Debug|x64.ActiveCfg = Debug|x64
		{35FA4756-1CFD-40F8-A324-D620AB422590}.Debug|x64.Build.0 = Debug|x64
		{35FA4756-1CFD-40F8-A324-D620AB422590}.Debug|x86.ActiveCfg = Debug|x86
		{35FA4756-1CFD-40F8-A324-D620AB422590}.Debug|x86.Build.0 = Debug|x86
		{35FA4756-1CFD-40F8-A324-D620AB422590}.Release|Any CPU.ActiveCfg = Release|Any CPU
		{35FA4756-1CFD-40F8-A324-D620AB422590}.Release|Any CPU.Build.0 = Release|Any CPU
		{35FA4756-1CFD-40F8-A324-D620AB422590}.Release|x64.ActiveCfg = Release|x64
		{35FA4756-1CFD-40F8-A324-D620AB422590}.Release|x64.Build.0 = Release|x64
		{35FA4756-1CFD-40F8-A324-D620AB422590}.Release|x86.ActiveCfg = Release|x86
		{35FA4756-1CFD-40F8-A324-D620AB422590}.Release|x86.Build.0 = Release|x86
		{FF55DB4B-9A84-42FD-8DBF-B3FBC4AFF9FF}.Debug|Any CPU.ActiveCfg = Debug|Any CPU
		{FF55DB4B-9A84-42FD-8DBF-B3FBC4AFF9FF}.Debug|Any CPU.Build.0 = Debug|Any CPU
		{FF55DB4B-9A84-42FD-8DBF-B3FBC4AFF9FF}.Debug|x64.ActiveCfg = Debug|x64
		{FF55DB4B-9A84-42FD-8DBF-B3FBC4AFF9FF}.Debug|x64.Build.0 = Debug|x64
		{FF55DB4B-9A84-42FD-8DBF-B3FBC4AFF9FF}.Debug|x86.ActiveCfg = Debug|x86
		{FF55DB4B-9A84-42FD-8DBF-B3FBC4AFF9FF}.Debug|x86.Build.0 = Debug|x86
		{FF55DB4B-9A84-42FD-8DBF-B3FBC4AFF9FF}.Release|Any CPU.ActiveCfg = Release|Any CPU
		{FF55DB4B-9A84-42FD-8DBF-B3FBC4AFF9FF}.Release|Any CPU.Build.0 = Release|Any CPU
		{FF55DB4B-9A84-42FD-8DBF-B3FBC4AFF9FF}.Release|x64.ActiveCfg = Release|x64
		{FF55DB4B-9A84-42FD-8DBF-B3FBC4AFF9FF}.Release|x64.Build.0 = Release|x64
		{FF55DB4B-9A84-42FD-8DBF-B3FBC4AFF9FF}.Release|x86.ActiveCfg = Release|x86
		{FF55DB4B-9A84-42FD-8DBF-B3FBC4AFF9FF}.Release|x86.Build.0 = Release|x86
		{DF542C73-854E-4559-8AD6-8B0498AEC8E4}.Debug|Any CPU.ActiveCfg = Debug|Any CPU
		{DF542C73-854E-4559-8AD6-8B0498AEC8E4}.Debug|Any CPU.Build.0 = Debug|Any CPU
		{DF542C73-854E-4559-8AD6-8B0498AEC8E4}.Debug|x64.ActiveCfg = Debug|x64
		{DF542C73-854E-4559-8AD6-8B0498AEC8E4}.Debug|x64.Build.0 = Debug|x64
		{DF542C73-854E-4559-8AD6-8B0498AEC8E4}.Debug|x86.ActiveCfg = Debug|x86
		{DF542C73-854E-4559-8AD6-8B0498AEC8E4}.Debug|x86.Build.0 = Debug|x86
		{DF542C73-854E-4559-8AD6-8B0498AEC8E4}.Release|Any CPU.ActiveCfg = Release|Any CPU
		{DF542C73-854E-4559-8AD6-8B0498AEC8E4}.Release|Any CPU.Build.0 = Release|Any CPU
		{DF542C73-854E-4559-8AD6-8B0498AEC8E4}.Release|x64.ActiveCfg = Release|x64
		{DF542C73-854E-4559-8AD6-8B0498AEC8E4}.Release|x64.Build.0 = Release|x64
		{DF542C73-854E-4559-8AD6-8B0498AEC8E4}.Release|x86.ActiveCfg = Release|x86
		{DF542C73-854E-4559-8AD6-8B0498AEC8E4}.Release|x86.Build.0 = Release|x86
		{3089C6C9-7687-4CB1-B86E-5045CEEF17F9}.Debug|Any CPU.ActiveCfg = Debug|Any CPU
		{3089C6C9-7687-4CB1-B86E-5045CEEF17F9}.Debug|Any CPU.Build.0 = Debug|Any CPU
		{3089C6C9-7687-4CB1-B86E-5045CEEF17F9}.Debug|x64.ActiveCfg = Debug|x64
		{3089C6C9-7687-4CB1-B86E-5045CEEF17F9}.Debug|x64.Build.0 = Debug|x64
		{3089C6C9-7687-4CB1-B86E-5045CEEF17F9}.Debug|x86.ActiveCfg = Debug|x86
		{3089C6C9-7687-4CB1-B86E-5045CEEF17F9}.Debug|x86.Build.0 = Debug|x86
		{3089C6C9-7687-4CB1-B86E-5045CEEF17F9}.Release|Any CPU.ActiveCfg = Release|Any CPU
		{3089C6C9-7687-4CB1-B86E-5045CEEF17F9}.Release|Any CPU.Build.0 = Release|Any CPU
		{3089C6C9-7687-4CB1-B86E-5045CEEF17F9}.Release|x64.ActiveCfg = Release|x64
		{3089C6C9-7687-4CB1-B86E-5045CEEF17F9}.Release|x64.Build.0 = Release|x64
		{3089C6C9-7687-4CB1-B86E-5045CEEF17F9}.Release|x86.ActiveCfg = Release|x86
		{3089C6C9-7687-4CB1-B86E-5045CEEF17F9}.Release|x86.Build.0 = Release|x86
		{D86D21F1-E187-4AE4-BB97-6CC2C00A7E01}.Debug|Any CPU.ActiveCfg = Debug|Any CPU
		{D86D21F1-E187-4AE4-BB97-6CC2C00A7E01}.Debug|Any CPU.Build.0 = Debug|Any CPU
		{D86D21F1-E187-4AE4-BB97-6CC2C00A7E01}.Debug|x64.ActiveCfg = Debug|x64
		{D86D21F1-E187-4AE4-BB97-6CC2C00A7E01}.Debug|x64.Build.0 = Debug|x64
		{D86D21F1-E187-4AE4-BB97-6CC2C00A7E01}.Debug|x86.ActiveCfg = Debug|x86
		{D86D21F1-E187-4AE4-BB97-6CC2C00A7E01}.Debug|x86.Build.0 = Debug|x86
		{D86D21F1-E187-4AE4-BB97-6CC2C00A7E01}.Release|Any CPU.ActiveCfg = Release|Any CPU
		{D86D21F1-E187-4AE4-BB97-6CC2C00A7E01}.Release|Any CPU.Build.0 = Release|Any CPU
		{D86D21F1-E187-4AE4-BB97-6CC2C00A7E01}.Release|x64.ActiveCfg = Release|x64
		{D86D21F1-E187-4AE4-BB97-6CC2C00A7E01}.Release|x64.Build.0 = Release|x64
		{D86D21F1-E187-4AE4-BB97-6CC2C00A7E01}.Release|x86.ActiveCfg = Release|x86
		{D86D21F1-E187-4AE4-BB97-6CC2C00A7E01}.Release|x86.Build.0 = Release|x86
		{89A0125E-DD26-476A-84F7-194C5E358D12}.Debug|Any CPU.ActiveCfg = Debug|Any CPU
		{89A0125E-DD26-476A-84F7-194C5E358D12}.Debug|Any CPU.Build.0 = Debug|Any CPU
		{89A0125E-DD26-476A-84F7-194C5E358D12}.Debug|x64.ActiveCfg = Debug|x64
		{89A0125E-DD26-476A-84F7-194C5E358D12}.Debug|x64.Build.0 = Debug|x64
		{89A0125E-DD26-476A-84F7-194C5E358D12}.Debug|x86.ActiveCfg = Debug|x86
		{89A0125E-DD26-476A-84F7-194C5E358D12}.Debug|x86.Build.0 = Debug|x86
		{89A0125E-DD26-476A-84F7-194C5E358D12}.Release|Any CPU.ActiveCfg = Release|Any CPU
		{89A0125E-DD26-476A-84F7-194C5E358D12}.Release|Any CPU.Build.0 = Release|Any CPU
		{89A0125E-DD26-476A-84F7-194C5E358D12}.Release|x64.ActiveCfg = Release|x64
		{89A0125E-DD26-476A-84F7-194C5E358D12}.Release|x64.Build.0 = Release|x64
		{89A0125E-DD26-476A-84F7-194C5E358D12}.Release|x86.ActiveCfg = Release|x86
		{89A0125E-DD26-476A-84F7-194C5E358D12}.Release|x86.Build.0 = Release|x86
		{D3A62A78-3161-4080-987C-79BB09303109}.Debug|Any CPU.ActiveCfg = Debug|Any CPU
		{D3A62A78-3161-4080-987C-79BB09303109}.Debug|Any CPU.Build.0 = Debug|Any CPU
		{D3A62A78-3161-4080-987C-79BB09303109}.Debug|x64.ActiveCfg = Debug|x64
		{D3A62A78-3161-4080-987C-79BB09303109}.Debug|x64.Build.0 = Debug|x64
		{D3A62A78-3161-4080-987C-79BB09303109}.Debug|x86.ActiveCfg = Debug|x86
		{D3A62A78-3161-4080-987C-79BB09303109}.Debug|x86.Build.0 = Debug|x86
		{D3A62A78-3161-4080-987C-79BB09303109}.Release|Any CPU.ActiveCfg = Release|Any CPU
		{D3A62A78-3161-4080-987C-79BB09303109}.Release|Any CPU.Build.0 = Release|Any CPU
		{D3A62A78-3161-4080-987C-79BB09303109}.Release|x64.ActiveCfg = Release|x64
		{D3A62A78-3161-4080-987C-79BB09303109}.Release|x64.Build.0 = Release|x64
		{D3A62A78-3161-4080-987C-79BB09303109}.Release|x86.ActiveCfg = Release|x86
		{D3A62A78-3161-4080-987C-79BB09303109}.Release|x86.Build.0 = Release|x86
		{7AFB2C14-B12D-4919-B54A-C701D80D251E}.Debug|Any CPU.ActiveCfg = Debug|Any CPU
		{7AFB2C14-B12D-4919-B54A-C701D80D251E}.Debug|Any CPU.Build.0 = Debug|Any CPU
		{7AFB2C14-B12D-4919-B54A-C701D80D251E}.Debug|x64.ActiveCfg = Debug|x64
		{7AFB2C14-B12D-4919-B54A-C701D80D251E}.Debug|x64.Build.0 = Debug|x64
		{7AFB2C14-B12D-4919-B54A-C701D80D251E}.Debug|x86.ActiveCfg = Debug|x86
		{7AFB2C14-B12D-4919-B54A-C701D80D251E}.Debug|x86.Build.0 = Debug|x86
		{7AFB2C14-B12D-4919-B54A-C701D80D251E}.Release|Any CPU.ActiveCfg = Release|Any CPU
		{7AFB2C14-B12D-4919-B54A-C701D80D251E}.Release|Any CPU.Build.0 = Release|Any CPU
		{7AFB2C14-B12D-4919-B54A-C701D80D251E}.Release|x64.ActiveCfg = Release|x64
		{7AFB2C14-B12D-4919-B54A-C701D80D251E}.Release|x64.Build.0 = Release|x64
		{7AFB2C14-B12D-4919-B54A-C701D80D251E}.Release|x86.ActiveCfg = Release|x86
		{7AFB2C14-B12D-4919-B54A-C701D80D251E}.Release|x86.Build.0 = Release|x86
		{D829FC34-5BFA-4AB1-8804-F35918F72EA8}.Debug|Any CPU.ActiveCfg = Debug|Any CPU
		{D829FC34-5BFA-4AB1-8804-F35918F72EA8}.Debug|Any CPU.Build.0 = Debug|Any CPU
		{D829FC34-5BFA-4AB1-8804-F35918F72EA8}.Debug|x64.ActiveCfg = Debug|x64
		{D829FC34-5BFA-4AB1-8804-F35918F72EA8}.Debug|x64.Build.0 = Debug|x64
		{D829FC34-5BFA-4AB1-8804-F35918F72EA8}.Debug|x86.ActiveCfg = Debug|x86
		{D829FC34-5BFA-4AB1-8804-F35918F72EA8}.Debug|x86.Build.0 = Debug|x86
		{D829FC34-5BFA-4AB1-8804-F35918F72EA8}.Release|Any CPU.ActiveCfg = Release|Any CPU
		{D829FC34-5BFA-4AB1-8804-F35918F72EA8}.Release|Any CPU.Build.0 = Release|Any CPU
		{D829FC34-5BFA-4AB1-8804-F35918F72EA8}.Release|x64.ActiveCfg = Release|x64
		{D829FC34-5BFA-4AB1-8804-F35918F72EA8}.Release|x64.Build.0 = Release|x64
		{D829FC34-5BFA-4AB1-8804-F35918F72EA8}.Release|x86.ActiveCfg = Release|x86
		{D829FC34-5BFA-4AB1-8804-F35918F72EA8}.Release|x86.Build.0 = Release|x86
		{66070437-A20C-4978-A802-213E55A63008}.Debug|Any CPU.ActiveCfg = Debug|Any CPU
		{66070437-A20C-4978-A802-213E55A63008}.Debug|Any CPU.Build.0 = Debug|Any CPU
		{66070437-A20C-4978-A802-213E55A63008}.Debug|x64.ActiveCfg = Debug|x64
		{66070437-A20C-4978-A802-213E55A63008}.Debug|x64.Build.0 = Debug|x64
		{66070437-A20C-4978-A802-213E55A63008}.Debug|x86.ActiveCfg = Debug|x86
		{66070437-A20C-4978-A802-213E55A63008}.Debug|x86.Build.0 = Debug|x86
		{66070437-A20C-4978-A802-213E55A63008}.Release|Any CPU.ActiveCfg = Release|Any CPU
		{66070437-A20C-4978-A802-213E55A63008}.Release|Any CPU.Build.0 = Release|Any CPU
		{66070437-A20C-4978-A802-213E55A63008}.Release|x64.ActiveCfg = Release|x64
		{66070437-A20C-4978-A802-213E55A63008}.Release|x64.Build.0 = Release|x64
		{66070437-A20C-4978-A802-213E55A63008}.Release|x86.ActiveCfg = Release|x86
		{66070437-A20C-4978-A802-213E55A63008}.Release|x86.Build.0 = Release|x86
		{3D117515-0AD4-40BB-BE3E-C974160D17FA}.Debug|Any CPU.ActiveCfg = Debug|Any CPU
		{3D117515-0AD4-40BB-BE3E-C974160D17FA}.Debug|Any CPU.Build.0 = Debug|Any CPU
		{3D117515-0AD4-40BB-BE3E-C974160D17FA}.Debug|x64.ActiveCfg = Debug|Any CPU
		{3D117515-0AD4-40BB-BE3E-C974160D17FA}.Debug|x64.Build.0 = Debug|Any CPU
		{3D117515-0AD4-40BB-BE3E-C974160D17FA}.Debug|x86.ActiveCfg = Debug|Any CPU
		{3D117515-0AD4-40BB-BE3E-C974160D17FA}.Debug|x86.Build.0 = Debug|Any CPU
		{3D117515-0AD4-40BB-BE3E-C974160D17FA}.Release|Any CPU.ActiveCfg = Release|Any CPU
		{3D117515-0AD4-40BB-BE3E-C974160D17FA}.Release|Any CPU.Build.0 = Release|Any CPU
		{3D117515-0AD4-40BB-BE3E-C974160D17FA}.Release|x64.ActiveCfg = Release|Any CPU
		{3D117515-0AD4-40BB-BE3E-C974160D17FA}.Release|x64.Build.0 = Release|Any CPU
		{3D117515-0AD4-40BB-BE3E-C974160D17FA}.Release|x86.ActiveCfg = Release|Any CPU
		{3D117515-0AD4-40BB-BE3E-C974160D17FA}.Release|x86.Build.0 = Release|Any CPU
		{F6EE81B5-FDE5-4DCD-8E97-C10A6B7BA505}.Debug|Any CPU.ActiveCfg = Debug|Any CPU
		{F6EE81B5-FDE5-4DCD-8E97-C10A6B7BA505}.Debug|Any CPU.Build.0 = Debug|Any CPU
		{F6EE81B5-FDE5-4DCD-8E97-C10A6B7BA505}.Debug|x64.ActiveCfg = Debug|Any CPU
		{F6EE81B5-FDE5-4DCD-8E97-C10A6B7BA505}.Debug|x64.Build.0 = Debug|Any CPU
		{F6EE81B5-FDE5-4DCD-8E97-C10A6B7BA505}.Debug|x86.ActiveCfg = Debug|Any CPU
		{F6EE81B5-FDE5-4DCD-8E97-C10A6B7BA505}.Debug|x86.Build.0 = Debug|Any CPU
		{F6EE81B5-FDE5-4DCD-8E97-C10A6B7BA505}.Release|Any CPU.ActiveCfg = Release|Any CPU
		{F6EE81B5-FDE5-4DCD-8E97-C10A6B7BA505}.Release|Any CPU.Build.0 = Release|Any CPU
		{F6EE81B5-FDE5-4DCD-8E97-C10A6B7BA505}.Release|x64.ActiveCfg = Release|Any CPU
		{F6EE81B5-FDE5-4DCD-8E97-C10A6B7BA505}.Release|x64.Build.0 = Release|Any CPU
		{F6EE81B5-FDE5-4DCD-8E97-C10A6B7BA505}.Release|x86.ActiveCfg = Release|Any CPU
		{F6EE81B5-FDE5-4DCD-8E97-C10A6B7BA505}.Release|x86.Build.0 = Release|Any CPU
	EndGlobalSection
	GlobalSection(SolutionProperties) = preSolution
		HideSolutionNode = FALSE
	EndGlobalSection
	GlobalSection(ExtensibilityGlobals) = postSolution
		SolutionGuid = {41B6C56A-B106-48AE-99EE-350C9D3DF789}
	EndGlobalSection
	GlobalSection(MonoDevelopProperties) = preSolution
		Policies = $0
		$0.DotNetNamingPolicy = $1
		$0.TextStylePolicy = $4
	EndGlobalSection
EndGlobal
